
Microsoft Visual Studio Solution File, Format Version 12.00
# Visual Studio 15
VisualStudioVersion = 15.0.28307.1259
MinimumVisualStudioVersion = 10.0.40219.1
Project("{FAE04EC0-301F-11D3-BF4B-00C04F79EFBC}") = "PetMeds", "PetMeds\PetMeds.csproj", "{9D7079B3-763F-419A-93F6-0692F71499DA}"
EndProject
Global
	GlobalSection(SolutionConfigurationPlatforms) = preSolution
		Debug|Any CPU = Debug|Any CPU
		Release|Any CPU = Release|Any CPU
	EndGlobalSection
	GlobalSection(ProjectConfigurationPlatforms) = postSolution
		{9D7079B3-763F-419A-93F6-0692F71499DA}.Debug|Any CPU.ActiveCfg = Debug|Any CPU
		{9D7079B3-763F-419A-93F6-0692F71499DA}.Debug|Any CPU.Build.0 = Debug|Any CPU
		{9D7079B3-763F-419A-93F6-0692F71499DA}.Release|Any CPU.ActiveCfg = Release|Any CPU
		{9D7079B3-763F-419A-93F6-0692F71499DA}.Release|Any CPU.Build.0 = Release|Any CPU
	EndGlobalSection
	GlobalSection(SolutionProperties) = preSolution
		HideSolutionNode = FALSE
	EndGlobalSection
	GlobalSection(ExtensibilityGlobals) = postSolution
		SolutionGuid = {4705AAF0-57AF-4122-9A66-CF1A1DF4725C}
	EndGlobalSection
EndGlobal
